{
  "name": "rd-bb-plugins",
  "lockfileVersion": 3,
  "requires": true,
  "packages": {
    "": {
      "name": "rd-bb-plugins",
      "devDependencies": {
        "@types/better-sqlite3": "^7.6.12",
        "@types/node": "^22.0.0",
        "@types/react": "^19.1.8",
        "hono": "^4.11.9",
        "zod": "^4.3.6"
      }
    },
    "node_modules/@types/better-sqlite3": {
      "version": "7.6.13",
      "resolved": "https://registry.npmjs.org/@types/better-sqlite3/-/better-sqlite3-7.6.13.tgz",
      "integrity": "sha512-NMv9ASNARoKksWtsq/SHakpYAYnhBrQgGD8zkLYk/jaK8jUGn08CfEdTRgYhMypUQAfzSP8W6gNLe0q19/t4VA==",
      "dev": true,
      "license": "MIT",
      "dependencies": {
        "@types/node": "*"
      }
    },
    "node_modules/@types/node": {
      "version": "22.20.1",
      "resolved": "https://registry.npmjs.org/@types/node/-/node-22.20.1.tgz",
      "integrity": "sha512-EANqOCF9QFyra+4pfxUcX9STKJpCLjMbObVzljIJomAWSnuSIEAvyzEU53GaajbXJEgdh0iEcPL+DGvpUd4k1Q==",
      "dev": true,
      "license": "MIT",
      "dependencies": {
        "undici-types": "~6.21.0"
      }
    },
    "node_modules/@types/react": {
      "version": "19.2.18",
      "resolved": "https://registry.npmjs.org/@types/react/-/react-19.2.18.tgz",
      "integrity": "sha512-AnzbBERsrLKtk2XSfTbYRLjQPdy116Sty4q+T+Bp3IC4l6jNBvreVPAHmpq9qhXQM7CXZPjLVmGMw9sy+hxQ3w==",
      "dev": true,
      "license": "MIT",
      "dependencies": {
        "csstype": "^3.2.2"
      }
    },
    "node_modules/csstype": {
      "version": "3.2.3",
      "resolved": "https://registry.npmjs.org/csstype/-/csstype-3.2.3.tgz",
      "integrity": "sha512-z1HGKcYy2xA8AGQfwrn0PAy+PB7X/GSj3UVJW9qKyn43xWa+gl5nXmU4qqLMRzWVLFC8KusUX8T/0kCiOYpAIQ==",
      "dev": true,
      "license": "MIT"
    },
    "node_modules/hono": {
      "version": "4.13.1",
      "resolved": "https://registry.npmjs.org/hono/-/hono-4.13.1.tgz",
      "integrity": "sha512-kdJoFVv2xmayw6cY09H7AbMJMt8Jn5jdlEdXsP7AGBdF2DIptVlKlOLKXP41yPip4/a3yQPv9gVcJYI8YY04dw==",
      "dev": true,
      "license": "MIT",
      "engines": {
        "node": ">=16.9.0"
      }
    },
    "node_modules/undici-types": {
      "version": "6.21.0",
      "resolved": "https://registry.npmjs.org/undici-types/-/undici-types-6.21.0.tgz",
      "integrity": "sha512-iwDZqg0QAGrg9Rav5H4n0M64c3mkR59cJ6wQp+7C4nI0gsmExaedaYLNO44eT4AtBBwjbTiGPMlt2Md0T9H9JQ==",
      "dev": true,
      "license": "MIT"
    },
    "node_modules/zod": {
      "version": "4.4.3",
      "resolved": "https://registry.npmjs.org/zod/-/zod-4.4.3.tgz",
      "integrity": "sha512-ytENFjIJFl2UwYglde2jchW2Hwm4GJFLDiSXWdTrJQBIN9Fcyp7n4DhxJEiWNAJMV1/BqWfW/kkg71UDcHJyTQ==",
      "dev": true,
      "license": "MIT",
      "funding": {
        "url": "https://github.com/sponsors/colinhacks"
      }
    }
  }
}
